
Microsoft Visual Studio Solution File, Format Version 12.00
# Visual Studio Version 17
VisualStudioVersion = 17.9.34701.34
MinimumVisualStudioVersion = 10.0.40219.1
Project("{F2A71F9B-5D33-465A-A702-920D77279786}") = "Hw6_4", "Hw6_4\Hw6_4.fsproj", "{73411C85-E8B1-4D78-B5EC-F84AFE00A032}"
EndProject
Project("{F2A71F9B-5D33-465A-A702-920D77279786}") = "Hw6_4.tests", "Hw6_4.tests\Hw6_4.tests.fsproj", "{24DB060A-B2C7-45B5-B6A2-CDF6E876621C}"
EndProject
Global
	GlobalSection(SolutionConfigurationPlatforms) = preSolution
		Debug|Any CPU = Debug|Any CPU
		Release|Any CPU = Release|Any CPU
	EndGlobalSection
	GlobalSection(ProjectConfigurationPlatforms) = postSolution
		{73411C85-E8B1-4D78-B5EC-F84AFE00A032}.Debug|Any CPU.ActiveCfg = Debug|Any CPU
		{73411C85-E8B1-4D78-B5EC-F84AFE00A032}.Debug|Any CPU.Build.0 = Debug|Any CPU
		{73411C85-E8B1-4D78-B5EC-F84AFE00A032}.Release|Any CPU.ActiveCfg = Release|Any CPU
		{73411C85-E8B1-4D78-B5EC-F84AFE00A032}.Release|Any CPU.Build.0 = Release|Any CPU
		{24DB060A-B2C7-45B5-B6A2-CDF6E876621C}.Debug|Any CPU.ActiveCfg = Debug|Any CPU
		{24DB060A-B2C7-45B5-B6A2-CDF6E876621C}.Debug|Any CPU.Build.0 = Debug|Any CPU
		{24DB060A-B2C7-45B5-B6A2-CDF6E876621C}.Release|Any CPU.ActiveCfg = Release|Any CPU
		{24DB060A-B2C7-45B5-B6A2-CDF6E876621C}.Release|Any CPU.Build.0 = Release|Any CPU
	EndGlobalSection
	GlobalSection(SolutionProperties) = preSolution
		HideSolutionNode = FALSE
	EndGlobalSection
	GlobalSection(ExtensibilityGlobals) = postSolution
		SolutionGuid = {CC16F0C6-76BF-4DA7-8B16-9E41D50A7F54}
	EndGlobalSection
EndGlobal
