
Microsoft Visual Studio Solution File, Format Version 12.00
# Visual Studio Version 17
VisualStudioVersion = 17.9.34701.34
MinimumVisualStudioVersion = 10.0.40219.1
Project("{F2A71F9B-5D33-465A-A702-920D77279786}") = "Hw4_2_4", "Hw4_2_4\Hw4_2_4.fsproj", "{8000264A-5E7A-4FD6-A776-64064E647F40}"
EndProject
Project("{F2A71F9B-5D33-465A-A702-920D77279786}") = "Hw4_2_4.tests", "Hw4_2_4.tests\Hw4_2_4.tests.fsproj", "{F5AAA86D-D923-49BC-A170-FF8F0DCC91F4}"
EndProject
Global
	GlobalSection(SolutionConfigurationPlatforms) = preSolution
		Debug|Any CPU = Debug|Any CPU
		Release|Any CPU = Release|Any CPU
	EndGlobalSection
	GlobalSection(ProjectConfigurationPlatforms) = postSolution
		{8000264A-5E7A-4FD6-A776-64064E647F40}.Debug|Any CPU.ActiveCfg = Debug|Any CPU
		{8000264A-5E7A-4FD6-A776-64064E647F40}.Debug|Any CPU.Build.0 = Debug|Any CPU
		{8000264A-5E7A-4FD6-A776-64064E647F40}.Release|Any CPU.ActiveCfg = Release|Any CPU
		{8000264A-5E7A-4FD6-A776-64064E647F40}.Release|Any CPU.Build.0 = Release|Any CPU
		{F5AAA86D-D923-49BC-A170-FF8F0DCC91F4}.Debug|Any CPU.ActiveCfg = Debug|Any CPU
		{F5AAA86D-D923-49BC-A170-FF8F0DCC91F4}.Debug|Any CPU.Build.0 = Debug|Any CPU
		{F5AAA86D-D923-49BC-A170-FF8F0DCC91F4}.Release|Any CPU.ActiveCfg = Release|Any CPU
		{F5AAA86D-D923-49BC-A170-FF8F0DCC91F4}.Release|Any CPU.Build.0 = Release|Any CPU
	EndGlobalSection
	GlobalSection(SolutionProperties) = preSolution
		HideSolutionNode = FALSE
	EndGlobalSection
	GlobalSection(ExtensibilityGlobals) = postSolution
		SolutionGuid = {E7D777BA-1AFE-4433-A1AA-D0E6D90A71F8}
	EndGlobalSection
EndGlobal
