
Microsoft Visual Studio Solution File, Format Version 12.00
# Visual Studio Version 17
VisualStudioVersion = 17.9.34701.34
MinimumVisualStudioVersion = 10.0.40219.1
Project("{F2A71F9B-5D33-465A-A702-920D77279786}") = "Hw4_3_4", "Hw4_3_4\Hw4_3_4.fsproj", "{A7B217E7-24F5-4196-815B-F820F2A8F6DD}"
EndProject
Project("{F2A71F9B-5D33-465A-A702-920D77279786}") = "Hw4_3_4.tests", "Hw4_3_4.tests\Hw4_3_4.tests.fsproj", "{793BF77D-A4ED-4B7B-B27E-37C525E1F6DE}"
EndProject
Global
	GlobalSection(SolutionConfigurationPlatforms) = preSolution
		Debug|Any CPU = Debug|Any CPU
		Release|Any CPU = Release|Any CPU
	EndGlobalSection
	GlobalSection(ProjectConfigurationPlatforms) = postSolution
		{A7B217E7-24F5-4196-815B-F820F2A8F6DD}.Debug|Any CPU.ActiveCfg = Debug|Any CPU
		{A7B217E7-24F5-4196-815B-F820F2A8F6DD}.Debug|Any CPU.Build.0 = Debug|Any CPU
		{A7B217E7-24F5-4196-815B-F820F2A8F6DD}.Release|Any CPU.ActiveCfg = Release|Any CPU
		{A7B217E7-24F5-4196-815B-F820F2A8F6DD}.Release|Any CPU.Build.0 = Release|Any CPU
		{793BF77D-A4ED-4B7B-B27E-37C525E1F6DE}.Debug|Any CPU.ActiveCfg = Debug|Any CPU
		{793BF77D-A4ED-4B7B-B27E-37C525E1F6DE}.Debug|Any CPU.Build.0 = Debug|Any CPU
		{793BF77D-A4ED-4B7B-B27E-37C525E1F6DE}.Release|Any CPU.ActiveCfg = Release|Any CPU
		{793BF77D-A4ED-4B7B-B27E-37C525E1F6DE}.Release|Any CPU.Build.0 = Release|Any CPU
	EndGlobalSection
	GlobalSection(SolutionProperties) = preSolution
		HideSolutionNode = FALSE
	EndGlobalSection
	GlobalSection(ExtensibilityGlobals) = postSolution
		SolutionGuid = {05156A0F-6618-44E7-ADD3-A815DE5B97F3}
	EndGlobalSection
EndGlobal
