
Microsoft Visual Studio Solution File, Format Version 12.00
# Visual Studio Version 17
VisualStudioVersion = 17.7.34009.444
MinimumVisualStudioVersion = 10.0.40219.1
Project("{F2A71F9B-5D33-465A-A702-920D77279786}") = "Hw1_4", "Hw1_4\Hw1_4.fsproj", "{3095FA15-427A-4395-A458-CC769839CE8B}"
EndProject
Global
	GlobalSection(SolutionConfigurationPlatforms) = preSolution
		Debug|Any CPU = Debug|Any CPU
		Release|Any CPU = Release|Any CPU
	EndGlobalSection
	GlobalSection(ProjectConfigurationPlatforms) = postSolution
		{3095FA15-427A-4395-A458-CC769839CE8B}.Debug|Any CPU.ActiveCfg = Debug|Any CPU
		{3095FA15-427A-4395-A458-CC769839CE8B}.Debug|Any CPU.Build.0 = Debug|Any CPU
		{3095FA15-427A-4395-A458-CC769839CE8B}.Release|Any CPU.ActiveCfg = Release|Any CPU
		{3095FA15-427A-4395-A458-CC769839CE8B}.Release|Any CPU.Build.0 = Release|Any CPU
	EndGlobalSection
	GlobalSection(SolutionProperties) = preSolution
		HideSolutionNode = FALSE
	EndGlobalSection
	GlobalSection(ExtensibilityGlobals) = postSolution
		SolutionGuid = {95D4CD51-DD23-45C8-9EEC-8F4112B62F08}
	EndGlobalSection
EndGlobal
