
Microsoft Visual Studio Solution File, Format Version 12.00
# Visual Studio Version 17
VisualStudioVersion = 17.7.34009.444
MinimumVisualStudioVersion = 10.0.40219.1
Project("{F2A71F9B-5D33-465A-A702-920D77279786}") = "Hw1_4", "Hw1_4\Hw1_4.fsproj", "{5C71F69C-40B3-420C-B70E-9E638EADC9C3}"
EndProject
Global
	GlobalSection(SolutionConfigurationPlatforms) = preSolution
		Debug|Any CPU = Debug|Any CPU
		Release|Any CPU = Release|Any CPU
	EndGlobalSection
	GlobalSection(ProjectConfigurationPlatforms) = postSolution
		{5C71F69C-40B3-420C-B70E-9E638EADC9C3}.Debug|Any CPU.ActiveCfg = Debug|Any CPU
		{5C71F69C-40B3-420C-B70E-9E638EADC9C3}.Debug|Any CPU.Build.0 = Debug|Any CPU
		{5C71F69C-40B3-420C-B70E-9E638EADC9C3}.Release|Any CPU.ActiveCfg = Release|Any CPU
		{5C71F69C-40B3-420C-B70E-9E638EADC9C3}.Release|Any CPU.Build.0 = Release|Any CPU
	EndGlobalSection
	GlobalSection(SolutionProperties) = preSolution
		HideSolutionNode = FALSE
	EndGlobalSection
	GlobalSection(ExtensibilityGlobals) = postSolution
		SolutionGuid = {BAF91CAC-7ECC-4FA3-97B4-BFD874C771C5}
	EndGlobalSection
EndGlobal
