
Microsoft Visual Studio Solution File, Format Version 12.00
# Visual Studio Version 17
VisualStudioVersion = 17.9.34701.34
MinimumVisualStudioVersion = 10.0.40219.1
Project("{6EC3EE1D-3C4E-46DD-8F32-0CC8E7565705}") = "Hw5_4", "Hw5_4\Hw5_4.fsproj", "{9BC092EC-D59F-4DBF-8254-3423AD9ABC78}"
EndProject
Project("{6EC3EE1D-3C4E-46DD-8F32-0CC8E7565705}") = "Hw5_4.tests", "Hw5_4.tests\Hw5_4.tests.fsproj", "{78F75A36-05B6-41B8-BC62-04BED4905363}"
EndProject
Global
	GlobalSection(SolutionConfigurationPlatforms) = preSolution
		Debug|Any CPU = Debug|Any CPU
		Release|Any CPU = Release|Any CPU
	EndGlobalSection
	GlobalSection(ProjectConfigurationPlatforms) = postSolution
		{9BC092EC-D59F-4DBF-8254-3423AD9ABC78}.Debug|Any CPU.ActiveCfg = Debug|Any CPU
		{9BC092EC-D59F-4DBF-8254-3423AD9ABC78}.Debug|Any CPU.Build.0 = Debug|Any CPU
		{9BC092EC-D59F-4DBF-8254-3423AD9ABC78}.Release|Any CPU.ActiveCfg = Release|Any CPU
		{9BC092EC-D59F-4DBF-8254-3423AD9ABC78}.Release|Any CPU.Build.0 = Release|Any CPU
		{78F75A36-05B6-41B8-BC62-04BED4905363}.Debug|Any CPU.ActiveCfg = Debug|Any CPU
		{78F75A36-05B6-41B8-BC62-04BED4905363}.Debug|Any CPU.Build.0 = Debug|Any CPU
		{78F75A36-05B6-41B8-BC62-04BED4905363}.Release|Any CPU.ActiveCfg = Release|Any CPU
		{78F75A36-05B6-41B8-BC62-04BED4905363}.Release|Any CPU.Build.0 = Release|Any CPU
	EndGlobalSection
	GlobalSection(SolutionProperties) = preSolution
		HideSolutionNode = FALSE
	EndGlobalSection
	GlobalSection(ExtensibilityGlobals) = postSolution
		SolutionGuid = {D56866E4-0964-4022-B5D8-B89BDDD024AE}
	EndGlobalSection
EndGlobal
